
Microsoft Visual Studio Solution File, Format Version 11.00
# Visual Studio 2010
Project("{FAE04EC0-301F-11D3-BF4B-00C04F79EFBC}") = "Q3LogConverterLib", "Q3LogConverterLib\Q3LogConverterLib.csproj", "{988F4D4F-E4A3-41EE-91CA-ECD8F903E245}"
EndProject
Project("{FAE04EC0-301F-11D3-BF4B-00C04F79EFBC}") = "Q3LogConverterCli", "Q3LogConverterCli\Q3LogConverterCli.csproj", "{874E94A3-74A8-4DDF-9525-19E9E9838E19}"
EndProject
Project("{FAE04EC0-301F-11D3-BF4B-00C04F79EFBC}") = "Q3LogConverterGui", "Q3LogConverterGui\Q3LogConverterGui.csproj", "{CDFC2778-8298-4F79-A918-30977516B21B}"
EndProject
Global
	GlobalSection(SolutionConfigurationPlatforms) = preSolution
		Debug|Any CPU = Debug|Any CPU
		Debug|Mixed Platforms = Debug|Mixed Platforms
		Debug|x86 = Debug|x86
		Release|Any CPU = Release|Any CPU
		Release|Mixed Platforms = Release|Mixed Platforms
		Release|x86 = Release|x86
	EndGlobalSection
	GlobalSection(ProjectConfigurationPlatforms) = postSolution
		{988F4D4F-E4A3-41EE-91CA-ECD8F903E245}.Debug|Any CPU.ActiveCfg = Debug|Any CPU
		{988F4D4F-E4A3-41EE-91CA-ECD8F903E245}.Debug|Any CPU.Build.0 = Debug|Any CPU
		{988F4D4F-E4A3-41EE-91CA-ECD8F903E245}.Debug|Mixed Platforms.ActiveCfg = Debug|Any CPU
		{988F4D4F-E4A3-41EE-91CA-ECD8F903E245}.Debug|Mixed Platforms.Build.0 = Debug|Any CPU
		{988F4D4F-E4A3-41EE-91CA-ECD8F903E245}.Debug|x86.ActiveCfg = Debug|Any CPU
		{988F4D4F-E4A3-41EE-91CA-ECD8F903E245}.Release|Any CPU.ActiveCfg = Release|Any CPU
		{988F4D4F-E4A3-41EE-91CA-ECD8F903E245}.Release|Any CPU.Build.0 = Release|Any CPU
		{988F4D4F-E4A3-41EE-91CA-ECD8F903E245}.Release|Mixed Platforms.ActiveCfg = Release|Any CPU
		{988F4D4F-E4A3-41EE-91CA-ECD8F903E245}.Release|Mixed Platforms.Build.0 = Release|Any CPU
		{988F4D4F-E4A3-41EE-91CA-ECD8F903E245}.Release|x86.ActiveCfg = Release|Any CPU
		{874E94A3-74A8-4DDF-9525-19E9E9838E19}.Debug|Any CPU.ActiveCfg = Debug|x86
		{874E94A3-74A8-4DDF-9525-19E9E9838E19}.Debug|Mixed Platforms.ActiveCfg = Debug|x86
		{874E94A3-74A8-4DDF-9525-19E9E9838E19}.Debug|Mixed Platforms.Build.0 = Debug|x86
		{874E94A3-74A8-4DDF-9525-19E9E9838E19}.Debug|x86.ActiveCfg = Debug|x86
		{874E94A3-74A8-4DDF-9525-19E9E9838E19}.Debug|x86.Build.0 = Debug|x86
		{874E94A3-74A8-4DDF-9525-19E9E9838E19}.Release|Any CPU.ActiveCfg = Release|x86
		{874E94A3-74A8-4DDF-9525-19E9E9838E19}.Release|Mixed Platforms.ActiveCfg = Release|x86
		{874E94A3-74A8-4DDF-9525-19E9E9838E19}.Release|Mixed Platforms.Build.0 = Release|x86
		{874E94A3-74A8-4DDF-9525-19E9E9838E19}.Release|x86.ActiveCfg = Release|x86
		{874E94A3-74A8-4DDF-9525-19E9E9838E19}.Release|x86.Build.0 = Release|x86
		{CDFC2778-8298-4F79-A918-30977516B21B}.Debug|Any CPU.ActiveCfg = Debug|x86
		{CDFC2778-8298-4F79-A918-30977516B21B}.Debug|Mixed Platforms.ActiveCfg = Debug|x86
		{CDFC2778-8298-4F79-A918-30977516B21B}.Debug|Mixed Platforms.Build.0 = Debug|x86
		{CDFC2778-8298-4F79-A918-30977516B21B}.Debug|x86.ActiveCfg = Debug|x86
		{CDFC2778-8298-4F79-A918-30977516B21B}.Debug|x86.Build.0 = Debug|x86
		{CDFC2778-8298-4F79-A918-30977516B21B}.Release|Any CPU.ActiveCfg = Release|x86
		{CDFC2778-8298-4F79-A918-30977516B21B}.Release|Mixed Platforms.ActiveCfg = Release|x86
		{CDFC2778-8298-4F79-A918-30977516B21B}.Release|Mixed Platforms.Build.0 = Release|x86
		{CDFC2778-8298-4F79-A918-30977516B21B}.Release|x86.ActiveCfg = Release|x86
		{CDFC2778-8298-4F79-A918-30977516B21B}.Release|x86.Build.0 = Release|x86
	EndGlobalSection
	GlobalSection(SolutionProperties) = preSolution
		HideSolutionNode = FALSE
	EndGlobalSection
EndGlobal
